// !$*UTF8*$!
{
	archiveVersion = 1;
	classes = {
	};
	objectVersion = 48;
	objects = {

/* Begin PBXBuildFile section */
		6390379421B55A6700F92A2A /* CustomHeader.swift in Sources */ = {isa = PBXBuildFile; fileRef = 6390379321B55A6700F92A2A /* CustomHeader.swift */; };
		6390379621B55E6400F92A2A /* Anchor.swift in Sources */ = {isa = PBXBuildFile; fileRef = 6390379521B55E6400F92A2A /* Anchor.swift */; };
		63E4BC6021B195280037E486 /* TableViewController.swift in Sources */ = {isa = PBXBuildFile; fileRef = 63E4BC5F21B195270037E486 /* TableViewController.swift */; };
		63F4CCEE21B04C1000350146 /* AppDelegate.swift in Sources */ = {isa = PBXBuildFile; fileRef = 63F4CCED21B04C1000350146 /* AppDelegate.swift */; };
		63F4CCF321B04C1000350146 /* Main.storyboard in Resources */ = {isa = PBXBuildFile; fileRef = 63F4CCF121B04C1000350146 /* Main.storyboard */; };
		63F4CCF521B04C1000350146 /* Assets.xcassets in Resources */ = {isa = PBXBuildFile; fileRef = 63F4CCF421B04C1000350146 /* Assets.xcassets */; };
		63F4CCF821B04C1000350146 /* LaunchScreen.storyboard in Resources */ = {isa = PBXBuildFile; fileRef = 63F4CCF621B04C1000350146 /* LaunchScreen.storyboard */; };
		63F57F2421B1A7AA00927DD3 /* ViewController.swift in Sources */ = {isa = PBXBuildFile; fileRef = 63F57F2321B1A7AA00927DD3 /* ViewController.swift */; };
/* End PBXBuildFile section */

/* Begin PBXFileReference section */
		6390379321B55A6700F92A2A /* CustomHeader.swift */ = {isa = PBXFileReference; lastKnownFileType = sourcecode.swift; path = CustomHeader.swift; sourceTree = "<group>"; };
		6390379521B55E6400F92A2A /* Anchor.swift */ = {isa = PBXFileReference; lastKnownFileType = sourcecode.swift; path = Anchor.swift; sourceTree = "<group>"; };
		63E4BC5F21B195270037E486 /* TableViewController.swift */ = {isa = PBXFileReference; lastKnownFileType = sourcecode.swift; path = TableViewController.swift; sourceTree = "<group>"; };
		63F4CCEA21B04C1000350146 /* HeaderAndFooter.app */ = {isa = PBXFileReference; explicitFileType = wrapper.application; includeInIndex = 0; path = HeaderAndFooter.app; sourceTree = BUILT_PRODUCTS_DIR; };
		63F4CCED21B04C1000350146 /* AppDelegate.swift */ = {isa = PBXFileReference; lastKnownFileType = sourcecode.swift; path = AppDelegate.swift; sourceTree = "<group>"; };
		63F4CCF221B04C1000350146 /* Base */ = {isa = PBXFileReference; lastKnownFileType = file.storyboard; name = Base; path = Base.lproj/Main.storyboard; sourceTree = "<group>"; };
		63F4CCF421B04C1000350146 /* Assets.xcassets */ = {isa = PBXFileReference; lastKnownFileType = folder.assetcatalog; path = Assets.xcassets; sourceTree = "<group>"; };
		63F4CCF721B04C1000350146 /* Base */ = {isa = PBXFileReference; lastKnownFileType = file.storyboard; name = Base; path = Base.lproj/LaunchScreen.storyboard; sourceTree = "<group>"; };
		63F4CCF921B04C1000350146 /* Info.plist */ = {isa = PBXFileReference; lastKnownFileType = text.plist.xml; path = Info.plist; sourceTree = "<group>"; };
		63F57F2321B1A7AA00927DD3 /* ViewController.swift */ = {isa = PBXFileReference; lastKnownFileType = sourcecode.swift; path = ViewController.swift; sourceTree = "<group>"; };
/* End PBXFileReference section */

/* Begin PBXFrameworksBuildPhase section */
		63F4CCE721B04C1000350146 /* Frameworks */ = {
			isa = PBXFrameworksBuildPhase;
			buildActionMask = 2147483647;
			files = (
			);
			runOnlyForDeploymentPostprocessing = 0;
		};
/* End PBXFrameworksBuildPhase section */

/* Begin PBXGroup section */
		63F4CCE121B04C1000350146 = {
			isa = PBXGroup;
			children = (
				63F4CCEC21B04C1000350146 /* HeaderAndFooter */,
				63F4CCEB21B04C1000350146 /* Products */,
			);
			sourceTree = "<group>";
		};
		63F4CCEB21B04C1000350146 /* Products */ = {
			isa = PBXGroup;
			children = (
				63F4CCEA21B04C1000350146 /* HeaderAndFooter.app */,
			);
			name = Products;
			sourceTree = "<group>";
		};
		63F4CCEC21B04C1000350146 /* HeaderAndFooter */ = {
			isa = PBXGroup;
			children = (
				63F4CCED21B04C1000350146 /* AppDelegate.swift */,
				6390379321B55A6700F92A2A /* CustomHeader.swift */,
				63F4CCF121B04C1000350146 /* Main.storyboard */,
				63E4BC5F21B195270037E486 /* TableViewController.swift */,
				6390379521B55E6400F92A2A /* Anchor.swift */,
				63F57F2321B1A7AA00927DD3 /* ViewController.swift */,
				63F4CCF421B04C1000350146 /* Assets.xcassets */,
				63F4CCF621B04C1000350146 /* LaunchScreen.storyboard */,
				63F4CCF921B04C1000350146 /* Info.plist */,
			);
			path = HeaderAndFooter;
			sourceTree = "<group>";
		};
/* End PBXGroup section */

/* Begin PBXNativeTarget section */
		63F4CCE921B04C1000350146 /* HeaderAndFooter */ = {
			isa = PBXNativeTarget;
			buildConfigurationList = 63F4CCFC21B04C1000350146 /* Build configuration list for PBXNativeTarget "HeaderAndFooter" */;
			buildPhases = (
				63F4CCE621B04C1000350146 /* Sources */,
				63F4CCE721B04C1000350146 /* Frameworks */,
				63F4CCE821B04C1000350146 /* Resources */,
			);
			buildRules = (
			);
			dependencies = (
			);
			name = HeaderAndFooter;
			productName = HeaderAndFooter;
			productReference = 63F4CCEA21B04C1000350146 /* HeaderAndFooter.app */;
			productType = "com.apple.product-type.application";
		};
/* End PBXNativeTarget section */

/* Begin PBXProject section */
		63F4CCE221B04C1000350146 /* Project object */ = {
			isa = PBXProject;
			attributes = {
				LastSwiftUpdateCheck = 0920;
				LastUpgradeCheck = 0920;
				ORGANIZATIONNAME = brq;
				TargetAttributes = {
					63F4CCE921B04C1000350146 = {
						CreatedOnToolsVersion = 9.2;
						ProvisioningStyle = Automatic;
					};
				};
			};
			buildConfigurationList = 63F4CCE521B04C1000350146 /* Build configuration list for PBXProject "HeaderAndFooter" */;
			compatibilityVersion = "Xcode 8.0";
			developmentRegion = en;
			hasScannedForEncodings = 0;
			knownRegions = (
				en,
				Base,
			);
			mainGroup = 63F4CCE121B04C1000350146;
			productRefGroup = 63F4CCEB21B04C1000350146 /* Products */;
			projectDirPath = "";
			projectRoot = "";
			targets = (
				63F4CCE921B04C1000350146 /* HeaderAndFooter */,
			);
		};
/* End PBXProject section */

/* Begin PBXResourcesBuildPhase section */
		63F4CCE821B04C1000350146 /* Resources */ = {
			isa = PBXResourcesBuildPhase;
			buildActionMask = 2147483647;
			files = (
				63F4CCF821B04C1000350146 /* LaunchScreen.storyboard in Resources */,
				63F4CCF521B04C1000350146 /* Assets.xcassets in Resources */,
				63F4CCF321B04C1000350146 /* Main.storyboard in Resources */,
			);
			runOnlyForDeploymentPostprocessing = 0;
		};
/* End PBXResourcesBuildPhase section */

/* Begin PBXSourcesBuildPhase section */
		63F4CCE621B04C1000350146 /* Sources */ = {
			isa = PBXSourcesBuildPhase;
			buildActionMask = 2147483647;
			files = (
				63F57F2421B1A7AA00927DD3 /* ViewController.swift in Sources */,
				6390379621B55E6400F92A2A /* Anchor.swift in Sources */,
				6390379421B55A6700F92A2A /* CustomHeader.swift in Sources */,
				63F4CCEE21B04C1000350146 /* AppDelegate.swift in Sources */,
				63E4BC6021B195280037E486 /* TableViewController.swift in Sources */,
			);
			runOnlyForDeploymentPostprocessing = 0;
		};
/* End PBXSourcesBuildPhase section */

/* Begin PBXVariantGroup section */
		63F4CCF121B04C1000350146 /* Main.storyboard */ = {
			isa = PBXVariantGroup;
			children = (
				63F4CCF221B04C1000350146 /* Base */,
			);
			name = Main.storyboard;
			sourceTree = "<group>";
		};
		63F4CCF621B04C1000350146 /* LaunchScreen.storyboard */ = {
			isa = PBXVariantGroup;
			children = (
				63F4CCF721B04C1000350146 /* Base */,
			);
			name = LaunchScreen.storyboard;
			sourceTree = "<group>";
		};
/* End PBXVariantGroup section */

/* Begin XCBuildConfiguration section */
		63F4CCFA21B04C1000350146 /* Debug */ = {
			isa = XCBuildConfiguration;
			buildSettings = {
				ALWAYS_SEARCH_USER_PATHS = NO;
				CLANG_ANALYZER_NONNULL = YES;
				CLANG_ANALYZER_NUMBER_OBJECT_CONVERSION = YES_AGGRESSIVE;
				CLANG_CXX_LANGUAGE_STANDARD = "gnu++14";
				CLANG_CXX_LIBRARY = "libc++";
				CLANG_ENABLE_MODULES = YES;
				CLANG_ENABLE_OBJC_ARC = YES;
				CLANG_WARN_BLOCK_CAPTURE_AUTORELEASING = YES;
				CLANG_WARN_BOOL_CONVERSION = YES;
				CLANG_WARN_COMMA = YES;
				CLANG_WARN_CONSTANT_CONVERSION = YES;
				CLANG_WARN_DIRECT_OBJC_ISA_USAGE = YES_ERROR;
				CLANG_WARN_DOCUMENTATION_COMMENTS = YES;
				CLANG_WARN_EMPTY_BODY = YES;
				CLANG_WARN_ENUM_CONVERSION = YES;
				CLANG_WARN_INFINITE_RECURSION = YES;
				CLANG_WARN_INT_CONVERSION = YES;
				CLANG_WARN_NON_LITERAL_NULL_CONVERSION = YES;
				CLANG_WARN_OBJC_LITERAL_CONVERSION = YES;
				CLANG_WARN_OBJC_ROOT_CLASS = YES_ERROR;
				CLANG_WARN_RANGE_LOOP_ANALYSIS = YES;
				CLANG_WARN_STRICT_PROTOTYPES = YES;
				CLANG_WARN_SUSPICIOUS_MOVE = YES;
				CLANG_WARN_UNGUARDED_AVAILABILITY = YES_AGGRESSIVE;
				CLANG_WARN_UNREACHABLE_CODE = YES;
				CLANG_WARN__DUPLICATE_METHOD_MATCH = YES;
				CODE_SIGN_IDENTITY = "iPhone Developer";
				COPY_PHASE_STRIP = NO;
				DEBUG_INFORMATION_FORMAT = dwarf;
				ENABLE_STRICT_OBJC_MSGSEND = YES;
				ENABLE_TESTABILITY = YES;
				GCC_C_LANGUAGE_STANDARD = gnu11;
				GCC_DYNAMIC_NO_PIC = NO;
				GCC_NO_COMMON_BLOCKS = YES;
				GCC_OPTIMIZATION_LEVEL = 0;
				GCC_PREPROCESSOR_DEFINITIONS = (
					"DEBUG=1",
					"$(inherited)",
				);
				GCC_WARN_64_TO_32_BIT_CONVERSION = YES;
				GCC_WARN_ABOUT_RETURN_TYPE = YES_ERROR;
				GCC_WARN_UNDECLARED_SELECTOR = YES;
				GCC_WARN_UNINITIALIZED_AUTOS = YES_AGGRESSIVE;
				GCC_WARN_UNUSED_FUNCTION = YES;
				GCC_WARN_UNUSED_VARIABLE = YES;
				IPHONEOS_DEPLOYMENT_TARGET = 11.2;
				MTL_ENABLE_DEBUG_INFO = YES;
				ONLY_ACTIVE_ARCH = YES;
				SDKROOT = iphoneos;
				SWIFT_ACTIVE_COMPILATION_CONDITIONS = DEBUG;
				SWIFT_OPTIMIZATION_LEVEL = "-Onone";
			};
			name = Debug;
		};
		63F4CCFB21B04C1000350146 /* Release */ = {
			isa = XCBuildConfiguration;
			buildSettings = {
				ALWAYS_SEARCH_USER_PATHS = NO;
				CLANG_ANALYZER_NONNULL = YES;
				CLANG_ANALYZER_NUMBER_OBJECT_CONVERSION = YES_AGGRESSIVE;
				CLANG_CXX_LANGUAGE_STANDARD = "gnu++14";
				CLANG_CXX_LIBRARY = "libc++";
				CLANG_ENABLE_MODULES = YES;
				CLANG_ENABLE_OBJC_ARC = YES;
				CLANG_WARN_BLOCK_CAPTURE_AUTORELEASING = YES;
				CLANG_WARN_BOOL_CONVERSION = YES;
				CLANG_WARN_COMMA = YES;
				CLANG_WARN_CONSTANT_CONVERSION = YES;
				CLANG_WARN_DIRECT_OBJC_ISA_USAGE = YES_ERROR;
				CLANG_WARN_DOCUMENTATION_COMMENTS = YES;
				CLANG_WARN_EMPTY_BODY = YES;
				CLANG_WARN_ENUM_CONVERSION = YES;
				CLANG_WARN_INFINITE_RECURSION = YES;
				CLANG_WARN_INT_CONVERSION = YES;
				CLANG_WARN_NON_LITERAL_NULL_CONVERSION = YES;
				CLANG_WARN_OBJC_LITERAL_CONVERSION = YES;
				CLANG_WARN_OBJC_ROOT_CLASS = YES_ERROR;
				CLANG_WARN_RANGE_LOOP_ANALYSIS = YES;
				CLANG_WARN_STRICT_PROTOTYPES = YES;
				CLANG_WARN_SUSPICIOUS_MOVE = YES;
				CLANG_WARN_UNGUARDED_AVAILABILITY = YES_AGGRESSIVE;
				CLANG_WARN_UNREACHABLE_CODE = YES;
				CLANG_WARN__DUPLICATE_METHOD_MATCH = YES;
				CODE_SIGN_IDENTITY = "iPhone Developer";
				COPY_PHASE_STRIP = NO;
				DEBUG_INFORMATION_FORMAT = "dwarf-with-dsym";
				ENABLE_NS_ASSERTIONS = NO;
				ENABLE_STRICT_OBJC_MSGSEND = YES;
				GCC_C_LANGUAGE_STANDARD = gnu11;
				GCC_NO_COMMON_BLOCKS = YES;
				GCC_WARN_64_TO_32_BIT_CONVERSION = YES;
				GCC_WARN_ABOUT_RETURN_TYPE = YES_ERROR;
				GCC_WARN_UNDECLARED_SELECTOR = YES;
				GCC_WARN_UNINITIALIZED_AUTOS = YES_AGGRESSIVE;
				GCC_WARN_UNUSED_FUNCTION = YES;
				GCC_WARN_UNUSED_VARIABLE = YES;
				IPHONEOS_DEPLOYMENT_TARGET = 11.2;
				MTL_ENABLE_DEBUG_INFO = NO;
				SDKROOT = iphoneos;
				SWIFT_OPTIMIZATION_LEVEL = "-Owholemodule";
				VALIDATE_PRODUCT = YES;
			};
			name = Release;
		};
		63F4CCFD21B04C1000350146 /* Debug */ = {
			isa = XCBuildConfiguration;
			buildSettings = {
				ASSETCATALOG_COMPILER_APPICON_NAME = AppIcon;
				CODE_SIGN_STYLE = Automatic;
				INFOPLIST_FILE = HeaderAndFooter/Info.plist;
				LD_RUNPATH_SEARCH_PATHS = "$(inherited) @executable_path/Frameworks";
				PRODUCT_BUNDLE_IDENTIFIER = com.paulokucher.HeaderAndFooter;
				PRODUCT_NAME = "$(TARGET_NAME)";
				SWIFT_VERSION = 4.0;
				TARGETED_DEVICE_FAMILY = "1,2";
			};
			name = Debug;
		};
		63F4CCFE21B04C1000350146 /* Release */ = {
			isa = XCBuildConfiguration;
			buildSettings = {
				ASSETCATALOG_COMPILER_APPICON_NAME = AppIcon;
				CODE_SIGN_STYLE = Automatic;
				INFOPLIST_FILE = HeaderAndFooter/Info.plist;
				LD_RUNPATH_SEARCH_PATHS = "$(inherited) @executable_path/Frameworks";
				PRODUCT_BUNDLE_IDENTIFIER = com.paulokucher.HeaderAndFooter;
				PRODUCT_NAME = "$(TARGET_NAME)";
				SWIFT_VERSION = 4.0;
				TARGETED_DEVICE_FAMILY = "1,2";
			};
			name = Release;
		};
/* End XCBuildConfiguration section */

/* Begin XCConfigurationList section */
		63F4CCE521B04C1000350146 /* Build configuration list for PBXProject "HeaderAndFooter" */ = {
			isa = XCConfigurationList;
			buildConfigurations = (
				63F4CCFA21B04C1000350146 /* Debug */,
				63F4CCFB21B04C1000350146 /* Release */,
			);
			defaultConfigurationIsVisible = 0;
			defaultConfigurationName = Release;
		};
		63F4CCFC21B04C1000350146 /* Build configuration list for PBXNativeTarget "HeaderAndFooter" */ = {
			isa = XCConfigurationList;
			buildConfigurations = (
				63F4CCFD21B04C1000350146 /* Debug */,
				63F4CCFE21B04C1000350146 /* Release */,
			);
			defaultConfigurationIsVisible = 0;
			defaultConfigurationName = Release;
		};
/* End XCConfigurationList section */
	};
	rootObject = 63F4CCE221B04C1000350146 /* Project object */;
}
